
Microsoft Visual Studio Solution File, Format Version 12.00
# Visual Studio Version 16
VisualStudioVersion = 16.0.29509.3
MinimumVisualStudioVersion = 10.0.40219.1
Project("{9A19103F-16F7-4668-BE54-9A1E7A4F7556}") = "Carpool.WebAPI", "Carpool.WebAPI\Carpool.WebAPI.csproj", "{D4AE693A-42FC-4774-BA86-80916270F83F}"
EndProject
Project("{9A19103F-16F7-4668-BE54-9A1E7A4F7556}") = "Carpool.Model", "Carpool.Model\Carpool.Model.csproj", "{47C320BE-6B18-4C34-9360-70F934A73C09}"
EndProject
Project("{2150E333-8FDC-42A3-9474-1A3956D46DE8}") = "UI", "UI", "{B16CA77C-938D-4D3A-8101-DA5CEE435888}"
EndProject
Project("{FAE04EC0-301F-11D3-BF4B-00C04F79EFBC}") = "Carpool.WinUI", "Carpool.WinUI\Carpool.WinUI.csproj", "{9C756406-5318-4484-BD31-D103FD22DFAF}"
EndProject
Project("{2150E333-8FDC-42A3-9474-1A3956D46DE8}") = "eProdaja.MobileApp", "eProdaja.MobileApp", "{E698DDC7-C789-4CAB-85B2-703DA0ED6A58}"
EndProject
Project("{FAE04EC0-301F-11D3-BF4B-00C04F79EFBC}") = "eProdaja.MobileApp.UWP", "eProdaja.MobileApp\eProdaja.MobileApp.UWP\eProdaja.MobileApp.UWP.csproj", "{0EDE55AF-DC3B-4653-AD6A-FF1E04E91B49}"
EndProject
Project("{FAE04EC0-301F-11D3-BF4B-00C04F79EFBC}") = "eProdaja.MobileApp.Android", "eProdaja.MobileApp\eProdaja.MobileApp.Android\eProdaja.MobileApp.Android.csproj", "{491B35EB-0841-443A-BC7D-D81BB5F4A9D1}"
EndProject
Project("{FAE04EC0-301F-11D3-BF4B-00C04F79EFBC}") = "eProdaja.MobileApp.iOS", "eProdaja.MobileApp\eProdaja.MobileApp.iOS\eProdaja.MobileApp.iOS.csproj", "{2631203E-07BD-4D9F-8273-3F858729F794}"
EndProject
Project("{9A19103F-16F7-4668-BE54-9A1E7A4F7556}") = "eProdaja.MobileApp", "eProdaja.MobileApp\eProdaja.MobileApp\eProdaja.MobileApp.csproj", "{A4257689-B435-4DF4-B6B2-B3FBC4598570}"
EndProject
Global
	GlobalSection(SolutionConfigurationPlatforms) = preSolution
		Debug|Any CPU = Debug|Any CPU
		Debug|ARM = Debug|ARM
		Debug|iPhone = Debug|iPhone
		Debug|iPhoneSimulator = Debug|iPhoneSimulator
		Debug|x64 = Debug|x64
		Debug|x86 = Debug|x86
		Release|Any CPU = Release|Any CPU
		Release|ARM = Release|ARM
		Release|iPhone = Release|iPhone
		Release|iPhoneSimulator = Release|iPhoneSimulator
		Release|x64 = Release|x64
		Release|x86 = Release|x86
	EndGlobalSection
	GlobalSection(ProjectConfigurationPlatforms) = postSolution
		{D4AE693A-42FC-4774-BA86-80916270F83F}.Debug|Any CPU.ActiveCfg = Debug|Any CPU
		{D4AE693A-42FC-4774-BA86-80916270F83F}.Debug|Any CPU.Build.0 = Debug|Any CPU
		{D4AE693A-42FC-4774-BA86-80916270F83F}.Debug|ARM.ActiveCfg = Debug|Any CPU
		{D4AE693A-42FC-4774-BA86-80916270F83F}.Debug|ARM.Build.0 = Debug|Any CPU
		{D4AE693A-42FC-4774-BA86-80916270F83F}.Debug|iPhone.ActiveCfg = Debug|Any CPU
		{D4AE693A-42FC-4774-BA86-80916270F83F}.Debug|iPhone.Build.0 = Debug|Any CPU
		{D4AE693A-42FC-4774-BA86-80916270F83F}.Debug|iPhoneSimulator.ActiveCfg = Debug|Any CPU
		{D4AE693A-42FC-4774-BA86-80916270F83F}.Debug|iPhoneSimulator.Build.0 = Debug|Any CPU
		{D4AE693A-42FC-4774-BA86-80916270F83F}.Debug|x64.ActiveCfg = Debug|Any CPU
		{D4AE693A-42FC-4774-BA86-80916270F83F}.Debug|x64.Build.0 = Debug|Any CPU
		{D4AE693A-42FC-4774-BA86-80916270F83F}.Debug|x86.ActiveCfg = Debug|Any CPU
		{D4AE693A-42FC-4774-BA86-80916270F83F}.Debug|x86.Build.0 = Debug|Any CPU
		{D4AE693A-42FC-4774-BA86-80916270F83F}.Release|Any CPU.ActiveCfg = Release|Any CPU
		{D4AE693A-42FC-4774-BA86-80916270F83F}.Release|Any CPU.Build.0 = Release|Any CPU
		{D4AE693A-42FC-4774-BA86-80916270F83F}.Release|ARM.ActiveCfg = Release|Any CPU
		{D4AE693A-42FC-4774-BA86-80916270F83F}.Release|ARM.Build.0 = Release|Any CPU
		{D4AE693A-42FC-4774-BA86-80916270F83F}.Release|iPhone.ActiveCfg = Release|Any CPU
		{D4AE693A-42FC-4774-BA86-80916270F83F}.Release|iPhone.Build.0 = Release|Any CPU
		{D4AE693A-42FC-4774-BA86-80916270F83F}.Release|iPhoneSimulator.ActiveCfg = Release|Any CPU
		{D4AE693A-42FC-4774-BA86-80916270F83F}.Release|iPhoneSimulator.Build.0 = Release|Any CPU
		{D4AE693A-42FC-4774-BA86-80916270F83F}.Release|x64.ActiveCfg = Release|Any CPU
		{D4AE693A-42FC-4774-BA86-80916270F83F}.Release|x64.Build.0 = Release|Any CPU
		{D4AE693A-42FC-4774-BA86-80916270F83F}.Release|x86.ActiveCfg = Release|Any CPU
		{D4AE693A-42FC-4774-BA86-80916270F83F}.Release|x86.Build.0 = Release|Any CPU
		{47C320BE-6B18-4C34-9360-70F934A73C09}.Debug|Any CPU.ActiveCfg = Debug|Any CPU
		{47C320BE-6B18-4C34-9360-70F934A73C09}.Debug|Any CPU.Build.0 = Debug|Any CPU
		{47C320BE-6B18-4C34-9360-70F934A73C09}.Debug|ARM.ActiveCfg = Debug|Any CPU
		{47C320BE-6B18-4C34-9360-70F934A73C09}.Debug|ARM.Build.0 = Debug|Any CPU
		{47C320BE-6B18-4C34-9360-70F934A73C09}.Debug|iPhone.ActiveCfg = Debug|Any CPU
		{47C320BE-6B18-4C34-9360-70F934A73C09}.Debug|iPhone.Build.0 = Debug|Any CPU
		{47C320BE-6B18-4C34-9360-70F934A73C09}.Debug|iPhoneSimulator.ActiveCfg = Debug|Any CPU
		{47C320BE-6B18-4C34-9360-70F934A73C09}.Debug|iPhoneSimulator.Build.0 = Debug|Any CPU
		{47C320BE-6B18-4C34-9360-70F934A73C09}.Debug|x64.ActiveCfg = Debug|Any CPU
		{47C320BE-6B18-4C34-9360-70F934A73C09}.Debug|x64.Build.0 = Debug|Any CPU
		{47C320BE-6B18-4C34-9360-70F934A73C09}.Debug|x86.ActiveCfg = Debug|Any CPU
		{47C320BE-6B18-4C34-9360-70F934A73C09}.Debug|x86.Build.0 = Debug|Any CPU
		{47C320BE-6B18-4C34-9360-70F934A73C09}.Release|Any CPU.ActiveCfg = Release|Any CPU
		{47C320BE-6B18-4C34-9360-70F934A73C09}.Release|Any CPU.Build.0 = Release|Any CPU
		{47C320BE-6B18-4C34-9360-70F934A73C09}.Release|ARM.ActiveCfg = Release|Any CPU
		{47C320BE-6B18-4C34-9360-70F934A73C09}.Release|ARM.Build.0 = Release|Any CPU
		{47C320BE-6B18-4C34-9360-70F934A73C09}.Release|iPhone.ActiveCfg = Release|Any CPU
		{47C320BE-6B18-4C34-9360-70F934A73C09}.Release|iPhone.Build.0 = Release|Any CPU
		{47C320BE-6B18-4C34-9360-70F934A73C09}.Release|iPhoneSimulator.ActiveCfg = Release|Any CPU
		{47C320BE-6B18-4C34-9360-70F934A73C09}.Release|iPhoneSimulator.Build.0 = Release|Any CPU
		{47C320BE-6B18-4C34-9360-70F934A73C09}.Release|x64.ActiveCfg = Release|Any CPU
		{47C320BE-6B18-4C34-9360-70F934A73C09}.Release|x64.Build.0 = Release|Any CPU
		{47C320BE-6B18-4C34-9360-70F934A73C09}.Release|x86.ActiveCfg = Release|Any CPU
		{47C320BE-6B18-4C34-9360-70F934A73C09}.Release|x86.Build.0 = Release|Any CPU
		{9C756406-5318-4484-BD31-D103FD22DFAF}.Debug|Any CPU.ActiveCfg = Debug|Any CPU
		{9C756406-5318-4484-BD31-D103FD22DFAF}.Debug|Any CPU.Build.0 = Debug|Any CPU
		{9C756406-5318-4484-BD31-D103FD22DFAF}.Debug|ARM.ActiveCfg = Debug|Any CPU
		{9C756406-5318-4484-BD31-D103FD22DFAF}.Debug|ARM.Build.0 = Debug|Any CPU
		{9C756406-5318-4484-BD31-D103FD22DFAF}.Debug|iPhone.ActiveCfg = Debug|Any CPU
		{9C756406-5318-4484-BD31-D103FD22DFAF}.Debug|iPhone.Build.0 = Debug|Any CPU
		{9C756406-5318-4484-BD31-D103FD22DFAF}.Debug|iPhoneSimulator.ActiveCfg = Debug|Any CPU
		{9C756406-5318-4484-BD31-D103FD22DFAF}.Debug|iPhoneSimulator.Build.0 = Debug|Any CPU
		{9C756406-5318-4484-BD31-D103FD22DFAF}.Debug|x64.ActiveCfg = Debug|Any CPU
		{9C756406-5318-4484-BD31-D103FD22DFAF}.Debug|x64.Build.0 = Debug|Any CPU
		{9C756406-5318-4484-BD31-D103FD22DFAF}.Debug|x86.ActiveCfg = Debug|Any CPU
		{9C756406-5318-4484-BD31-D103FD22DFAF}.Debug|x86.Build.0 = Debug|Any CPU
		{9C756406-5318-4484-BD31-D103FD22DFAF}.Release|Any CPU.ActiveCfg = Release|Any CPU
		{9C756406-5318-4484-BD31-D103FD22DFAF}.Release|Any CPU.Build.0 = Release|Any CPU
		{9C756406-5318-4484-BD31-D103FD22DFAF}.Release|ARM.ActiveCfg = Release|Any CPU
		{9C756406-5318-4484-BD31-D103FD22DFAF}.Release|ARM.Build.0 = Release|Any CPU
		{9C756406-5318-4484-BD31-D103FD22DFAF}.Release|iPhone.ActiveCfg = Release|Any CPU
		{9C756406-5318-4484-BD31-D103FD22DFAF}.Release|iPhone.Build.0 = Release|Any CPU
		{9C756406-5318-4484-BD31-D103FD22DFAF}.Release|iPhoneSimulator.ActiveCfg = Release|Any CPU
		{9C756406-5318-4484-BD31-D103FD22DFAF}.Release|iPhoneSimulator.Build.0 = Release|Any CPU
		{9C756406-5318-4484-BD31-D103FD22DFAF}.Release|x64.ActiveCfg = Release|Any CPU
		{9C756406-5318-4484-BD31-D103FD22DFAF}.Release|x64.Build.0 = Release|Any CPU
		{9C756406-5318-4484-BD31-D103FD22DFAF}.Release|x86.ActiveCfg = Release|Any CPU
		{9C756406-5318-4484-BD31-D103FD22DFAF}.Release|x86.Build.0 = Release|Any CPU
		{0EDE55AF-DC3B-4653-AD6A-FF1E04E91B49}.Debug|Any CPU.ActiveCfg = Debug|x86
		{0EDE55AF-DC3B-4653-AD6A-FF1E04E91B49}.Debug|ARM.ActiveCfg = Debug|ARM
		{0EDE55AF-DC3B-4653-AD6A-FF1E04E91B49}.Debug|ARM.Build.0 = Debug|ARM
		{0EDE55AF-DC3B-4653-AD6A-FF1E04E91B49}.Debug|ARM.Deploy.0 = Debug|ARM
		{0EDE55AF-DC3B-4653-AD6A-FF1E04E91B49}.Debug|iPhone.ActiveCfg = Debug|x86
		{0EDE55AF-DC3B-4653-AD6A-FF1E04E91B49}.Debug|iPhoneSimulator.ActiveCfg = Debug|x86
		{0EDE55AF-DC3B-4653-AD6A-FF1E04E91B49}.Debug|x64.ActiveCfg = Debug|x64
		{0EDE55AF-DC3B-4653-AD6A-FF1E04E91B49}.Debug|x64.Build.0 = Debug|x64
		{0EDE55AF-DC3B-4653-AD6A-FF1E04E91B49}.Debug|x64.Deploy.0 = Debug|x64
		{0EDE55AF-DC3B-4653-AD6A-FF1E04E91B49}.Debug|x86.ActiveCfg = Debug|x86
		{0EDE55AF-DC3B-4653-AD6A-FF1E04E91B49}.Debug|x86.Build.0 = Debug|x86
		{0EDE55AF-DC3B-4653-AD6A-FF1E04E91B49}.Debug|x86.Deploy.0 = Debug|x86
		{0EDE55AF-DC3B-4653-AD6A-FF1E04E91B49}.Release|Any CPU.ActiveCfg = Release|x86
		{0EDE55AF-DC3B-4653-AD6A-FF1E04E91B49}.Release|ARM.ActiveCfg = Release|ARM
		{0EDE55AF-DC3B-4653-AD6A-FF1E04E91B49}.Release|ARM.Build.0 = Release|ARM
		{0EDE55AF-DC3B-4653-AD6A-FF1E04E91B49}.Release|ARM.Deploy.0 = Release|ARM
		{0EDE55AF-DC3B-4653-AD6A-FF1E04E91B49}.Release|iPhone.ActiveCfg = Release|x86
		{0EDE55AF-DC3B-4653-AD6A-FF1E04E91B49}.Release|iPhoneSimulator.ActiveCfg = Release|x86
		{0EDE55AF-DC3B-4653-AD6A-FF1E04E91B49}.Release|x64.ActiveCfg = Release|x64
		{0EDE55AF-DC3B-4653-AD6A-FF1E04E91B49}.Release|x64.Build.0 = Release|x64
		{0EDE55AF-DC3B-4653-AD6A-FF1E04E91B49}.Release|x64.Deploy.0 = Release|x64
		{0EDE55AF-DC3B-4653-AD6A-FF1E04E91B49}.Release|x86.ActiveCfg = Release|x86
		{0EDE55AF-DC3B-4653-AD6A-FF1E04E91B49}.Release|x86.Build.0 = Release|x86
		{0EDE55AF-DC3B-4653-AD6A-FF1E04E91B49}.Release|x86.Deploy.0 = Release|x86
		{491B35EB-0841-443A-BC7D-D81BB5F4A9D1}.Debug|Any CPU.ActiveCfg = Debug|Any CPU
		{491B35EB-0841-443A-BC7D-D81BB5F4A9D1}.Debug|Any CPU.Build.0 = Debug|Any CPU
		{491B35EB-0841-443A-BC7D-D81BB5F4A9D1}.Debug|Any CPU.Deploy.0 = Debug|Any CPU
		{491B35EB-0841-443A-BC7D-D81BB5F4A9D1}.Debug|ARM.ActiveCfg = Debug|Any CPU
		{491B35EB-0841-443A-BC7D-D81BB5F4A9D1}.Debug|ARM.Build.0 = Debug|Any CPU
		{491B35EB-0841-443A-BC7D-D81BB5F4A9D1}.Debug|ARM.Deploy.0 = Debug|Any CPU
		{491B35EB-0841-443A-BC7D-D81BB5F4A9D1}.Debug|iPhone.ActiveCfg = Debug|Any CPU
		{491B35EB-0841-443A-BC7D-D81BB5F4A9D1}.Debug|iPhone.Build.0 = Debug|Any CPU
		{491B35EB-0841-443A-BC7D-D81BB5F4A9D1}.Debug|iPhone.Deploy.0 = Debug|Any CPU
		{491B35EB-0841-443A-BC7D-D81BB5F4A9D1}.Debug|iPhoneSimulator.ActiveCfg = Debug|Any CPU
		{491B35EB-0841-443A-BC7D-D81BB5F4A9D1}.Debug|iPhoneSimulator.Build.0 = Debug|Any CPU
		{491B35EB-0841-443A-BC7D-D81BB5F4A9D1}.Debug|iPhoneSimulator.Deploy.0 = Debug|Any CPU
		{491B35EB-0841-443A-BC7D-D81BB5F4A9D1}.Debug|x64.ActiveCfg = Debug|Any CPU
		{491B35EB-0841-443A-BC7D-D81BB5F4A9D1}.Debug|x64.Build.0 = Debug|Any CPU
		{491B35EB-0841-443A-BC7D-D81BB5F4A9D1}.Debug|x64.Deploy.0 = Debug|Any CPU
		{491B35EB-0841-443A-BC7D-D81BB5F4A9D1}.Debug|x86.ActiveCfg = Debug|Any CPU
		{491B35EB-0841-443A-BC7D-D81BB5F4A9D1}.Debug|x86.Build.0 = Debug|Any CPU
		{491B35EB-0841-443A-BC7D-D81BB5F4A9D1}.Debug|x86.Deploy.0 = Debug|Any CPU
		{491B35EB-0841-443A-BC7D-D81BB5F4A9D1}.Release|Any CPU.ActiveCfg = Release|Any CPU
		{491B35EB-0841-443A-BC7D-D81BB5F4A9D1}.Release|Any CPU.Build.0 = Release|Any CPU
		{491B35EB-0841-443A-BC7D-D81BB5F4A9D1}.Release|Any CPU.Deploy.0 = Release|Any CPU
		{491B35EB-0841-443A-BC7D-D81BB5F4A9D1}.Release|ARM.ActiveCfg = Release|Any CPU
		{491B35EB-0841-443A-BC7D-D81BB5F4A9D1}.Release|ARM.Build.0 = Release|Any CPU
		{491B35EB-0841-443A-BC7D-D81BB5F4A9D1}.Release|ARM.Deploy.0 = Release|Any CPU
		{491B35EB-0841-443A-BC7D-D81BB5F4A9D1}.Release|iPhone.ActiveCfg = Release|Any CPU
		{491B35EB-0841-443A-BC7D-D81BB5F4A9D1}.Release|iPhone.Build.0 = Release|Any CPU
		{491B35EB-0841-443A-BC7D-D81BB5F4A9D1}.Release|iPhone.Deploy.0 = Release|Any CPU
		{491B35EB-0841-443A-BC7D-D81BB5F4A9D1}.Release|iPhoneSimulator.ActiveCfg = Release|Any CPU
		{491B35EB-0841-443A-BC7D-D81BB5F4A9D1}.Release|iPhoneSimulator.Build.0 = Release|Any CPU
		{491B35EB-0841-443A-BC7D-D81BB5F4A9D1}.Release|iPhoneSimulator.Deploy.0 = Release|Any CPU
		{491B35EB-0841-443A-BC7D-D81BB5F4A9D1}.Release|x64.ActiveCfg = Release|Any CPU
		{491B35EB-0841-443A-BC7D-D81BB5F4A9D1}.Release|x64.Build.0 = Release|Any CPU
		{491B35EB-0841-443A-BC7D-D81BB5F4A9D1}.Release|x64.Deploy.0 = Release|Any CPU
		{491B35EB-0841-443A-BC7D-D81BB5F4A9D1}.Release|x86.ActiveCfg = Release|Any CPU
		{491B35EB-0841-443A-BC7D-D81BB5F4A9D1}.Release|x86.Build.0 = Release|Any CPU
		{491B35EB-0841-443A-BC7D-D81BB5F4A9D1}.Release|x86.Deploy.0 = Release|Any CPU
		{2631203E-07BD-4D9F-8273-3F858729F794}.Debug|Any CPU.ActiveCfg = Debug|iPhone
		{2631203E-07BD-4D9F-8273-3F858729F794}.Debug|ARM.ActiveCfg = Debug|iPhone
		{2631203E-07BD-4D9F-8273-3F858729F794}.Debug|iPhone.ActiveCfg = Debug|iPhone
		{2631203E-07BD-4D9F-8273-3F858729F794}.Debug|iPhone.Build.0 = Debug|iPhone
		{2631203E-07BD-4D9F-8273-3F858729F794}.Debug|iPhoneSimulator.ActiveCfg = Debug|iPhoneSimulator
		{2631203E-07BD-4D9F-8273-3F858729F794}.Debug|iPhoneSimulator.Build.0 = Debug|iPhoneSimulator
		{2631203E-07BD-4D9F-8273-3F858729F794}.Debug|x64.ActiveCfg = Debug|iPhone
		{2631203E-07BD-4D9F-8273-3F858729F794}.Debug|x86.ActiveCfg = Debug|iPhone
		{2631203E-07BD-4D9F-8273-3F858729F794}.Release|Any CPU.ActiveCfg = Release|iPhone
		{2631203E-07BD-4D9F-8273-3F858729F794}.Release|ARM.ActiveCfg = Release|iPhone
		{2631203E-07BD-4D9F-8273-3F858729F794}.Release|iPhone.ActiveCfg = Release|iPhone
		{2631203E-07BD-4D9F-8273-3F858729F794}.Release|iPhone.Build.0 = Release|iPhone
		{2631203E-07BD-4D9F-8273-3F858729F794}.Release|iPhoneSimulator.ActiveCfg = Release|iPhoneSimulator
		{2631203E-07BD-4D9F-8273-3F858729F794}.Release|iPhoneSimulator.Build.0 = Release|iPhoneSimulator
		{2631203E-07BD-4D9F-8273-3F858729F794}.Release|x64.ActiveCfg = Release|iPhone
		{2631203E-07BD-4D9F-8273-3F858729F794}.Release|x86.ActiveCfg = Release|iPhone
		{A4257689-B435-4DF4-B6B2-B3FBC4598570}.Debug|Any CPU.ActiveCfg = Debug|Any CPU
		{A4257689-B435-4DF4-B6B2-B3FBC4598570}.Debug|Any CPU.Build.0 = Debug|Any CPU
		{A4257689-B435-4DF4-B6B2-B3FBC4598570}.Debug|ARM.ActiveCfg = Debug|Any CPU
		{A4257689-B435-4DF4-B6B2-B3FBC4598570}.Debug|ARM.Build.0 = Debug|Any CPU
		{A4257689-B435-4DF4-B6B2-B3FBC4598570}.Debug|iPhone.ActiveCfg = Debug|Any CPU
		{A4257689-B435-4DF4-B6B2-B3FBC4598570}.Debug|iPhone.Build.0 = Debug|Any CPU
		{A4257689-B435-4DF4-B6B2-B3FBC4598570}.Debug|iPhoneSimulator.ActiveCfg = Debug|Any CPU
		{A4257689-B435-4DF4-B6B2-B3FBC4598570}.Debug|iPhoneSimulator.Build.0 = Debug|Any CPU
		{A4257689-B435-4DF4-B6B2-B3FBC4598570}.Debug|x64.ActiveCfg = Debug|Any CPU
		{A4257689-B435-4DF4-B6B2-B3FBC4598570}.Debug|x64.Build.0 = Debug|Any CPU
		{A4257689-B435-4DF4-B6B2-B3FBC4598570}.Debug|x86.ActiveCfg = Debug|Any CPU
		{A4257689-B435-4DF4-B6B2-B3FBC4598570}.Debug|x86.Build.0 = Debug|Any CPU
		{A4257689-B435-4DF4-B6B2-B3FBC4598570}.Release|Any CPU.ActiveCfg = Release|Any CPU
		{A4257689-B435-4DF4-B6B2-B3FBC4598570}.Release|Any CPU.Build.0 = Release|Any CPU
		{A4257689-B435-4DF4-B6B2-B3FBC4598570}.Release|ARM.ActiveCfg = Release|Any CPU
		{A4257689-B435-4DF4-B6B2-B3FBC4598570}.Release|ARM.Build.0 = Release|Any CPU
		{A4257689-B435-4DF4-B6B2-B3FBC4598570}.Release|iPhone.ActiveCfg = Release|Any CPU
		{A4257689-B435-4DF4-B6B2-B3FBC4598570}.Release|iPhone.Build.0 = Release|Any CPU
		{A4257689-B435-4DF4-B6B2-B3FBC4598570}.Release|iPhoneSimulator.ActiveCfg = Release|Any CPU
		{A4257689-B435-4DF4-B6B2-B3FBC4598570}.Release|iPhoneSimulator.Build.0 = Release|Any CPU
		{A4257689-B435-4DF4-B6B2-B3FBC4598570}.Release|x64.ActiveCfg = Release|Any CPU
		{A4257689-B435-4DF4-B6B2-B3FBC4598570}.Release|x64.Build.0 = Release|Any CPU
		{A4257689-B435-4DF4-B6B2-B3FBC4598570}.Release|x86.ActiveCfg = Release|Any CPU
		{A4257689-B435-4DF4-B6B2-B3FBC4598570}.Release|x86.Build.0 = Release|Any CPU
	EndGlobalSection
	GlobalSection(SolutionProperties) = preSolution
		HideSolutionNode = FALSE
	EndGlobalSection
	GlobalSection(NestedProjects) = preSolution
		{9C756406-5318-4484-BD31-D103FD22DFAF} = {B16CA77C-938D-4D3A-8101-DA5CEE435888}
		{0EDE55AF-DC3B-4653-AD6A-FF1E04E91B49} = {E698DDC7-C789-4CAB-85B2-703DA0ED6A58}
		{491B35EB-0841-443A-BC7D-D81BB5F4A9D1} = {E698DDC7-C789-4CAB-85B2-703DA0ED6A58}
		{2631203E-07BD-4D9F-8273-3F858729F794} = {E698DDC7-C789-4CAB-85B2-703DA0ED6A58}
		{A4257689-B435-4DF4-B6B2-B3FBC4598570} = {E698DDC7-C789-4CAB-85B2-703DA0ED6A58}
	EndGlobalSection
	GlobalSection(ExtensibilityGlobals) = postSolution
		SolutionGuid = {661C9BC0-B8C6-4C04-89B3-AC57EEA51896}
	EndGlobalSection
EndGlobal
